<?xml version="1.0" encoding="utf-8"?>
<Project ToolsVersion="4.0" xmlns="http://schemas.microsoft.com/developer/msbuild/2003">
  <ItemGroup>
    <ClCompile Include="main.c" />
    <ClCompile Include="sound_engine.c" />
    <ClCompile Include="sound_engine_dsound.c">
      <Filter>devices implements</Filter>
    </ClCompile>
    <ClCompile Include="sound_engine_null.c">
      <Filter>devices implements</Filter>
    </ClCompile>
    <ClCompile Include="sound_engine_winmm.c">
      <Filter>devices implements</Filter>
    </ClCompile>
    <ClCompile Include="sound_engine_alsa.c">
      <Filter>devices implements</Filter>
    </ClCompile>
    <ClCompile Include="platform.c" />
  </ItemGroup>
  <ItemGroup>
    <ClInclude Include="sound_engine.h" />
    <ClInclude Include="sound_engine_dsound.h">
      <Filter>devices implements</Filter>
    </ClInclude>
    <ClInclude Include="sound_engine_null.h">
      <Filter>devices implements</Filter>
    </ClInclude>
    <ClInclude Include="sound_engine_winmm.h">
      <Filter>devices implements</Filter>
    </ClInclude>
    <ClInclude Include="sound_engine_alsa.h">
      <Filter>devices implements</Filter>
    </ClInclude>
    <ClInclude Include="platform.h" />
  </ItemGroup>
  <ItemGroup>
    <Filter Include="devices implements">
      <UniqueIdentifier>{94cd501f-9b18-40c1-99b1-9c7979aca0be}</UniqueIdentifier>
    </Filter>
    <Filter Include="fx%27s implements">
      <UniqueIdentifier>{76483229-3113-4a48-99e4-0bb126d18891}</UniqueIdentifier>
    </Filter>
  </ItemGroup>
</Project>